{
  "version": 4,
  "terraform_version": "1.1.8",
  "serial": 1094,
  "lineage": "ef573a11-e884-c881-5b80-229b163ae9b5",
  "outputs": {},
  "resources": [
    {
      "mode": "data",
      "type": "archive_file",
      "name": "lambda_code",
      "provider": "provider[\"registry.terraform.io/hashicorp/archive\"]",
      "instances": [
        {
          "schema_version": 0,
          "attributes": {
            "excludes": null,
            "id": "88b0f50541770cf80ae3a4dbfde70e89f5f3f767",
            "output_base64sha256": "4//mJDCuuqrtnV0eYzEfmgaDawSd0xkRzQFZYlLUSbo=",
            "output_file_mode": null,
            "output_md5": "97d9214f11faf425d94d207405b67fd5",
            "output_path": "C:/Users/maciej.moczadlo/Desktop/Terraform/terraform-slow/code.zip",
            "output_sha": "88b0f50541770cf80ae3a4dbfde70e89f5f3f767",
            "output_size": 16634948,
            "source": [],
            "source_content": null,
            "source_content_filename": null,
            "source_dir": "C:/Users/maciej.moczadlo/Desktop/Terraform/terraform-slow/code",
            "source_file": null,
            "type": "zip"
          },
          "sensitive_attributes": []
        }
      ]
    },
    {
      "mode": "data",
      "type": "aws_caller_identity",
      "name": "current",
      "provider": "provider[\"registry.terraform.io/hashicorp/aws\"]",
      "instances": [
        {
          "schema_version": 0,
          "attributes": {
            "account_id": "359999479009",
            "arn": "arn:aws:iam::359999479009:user/terraformUser",
            "id": "359999479009",
            "user_id": "AIDAVHUNEDTQX7DOWIMWD"
          },
          "sensitive_attributes": []
        }
      ]
    },
    {
      "mode": "managed",
      "type": "aws_api_gateway_rest_api",
      "name": "test_api_gateway",
      "provider": "provider[\"registry.terraform.io/hashicorp/aws\"]",
      "instances": [
        {
          "schema_version": 0,
          "attributes": {
            "api_key_source": "HEADER",
            "arn": "arn:aws:apigateway:eu-central-1::/restapis/0gk641frtk",
            "binary_media_types": [],
            "body": null,
            "created_date": "2022-06-13T11:02:35Z",
            "description": "",
            "disable_execute_api_endpoint": false,
            "endpoint_configuration": [
              {
                "types": [
                  "REGIONAL"
                ],
                "vpc_endpoint_ids": []
              }
            ],
            "execution_arn": "arn:aws:execute-api:eu-central-1:359999479009:0gk641frtk",
            "id": "0gk641frtk",
            "minimum_compression_size": -1,
            "name": "test-api-gateway",
            "parameters": null,
            "policy": "",
            "root_resource_id": "ln41l2mxk4",
            "tags": {},
            "tags_all": {}
          },
          "sensitive_attributes": [],
          "private": "bnVsbA==",
          "create_before_destroy": true
        }
      ]
    },
    {
      "mode": "managed",
      "type": "aws_iam_role",
      "name": "lambda_exec",
      "provider": "provider[\"registry.terraform.io/hashicorp/aws\"]",
      "instances": [
        {
          "schema_version": 0,
          "attributes": {
            "arn": "arn:aws:iam::359999479009:role/serverless_lambda",
            "assume_role_policy": "{\"Version\":\"2012-10-17\",\"Statement\":[{\"Sid\":\"\",\"Effect\":\"Allow\",\"Principal\":{\"Service\":\"lambda.amazonaws.com\"},\"Action\":\"sts:AssumeRole\"}]}",
            "create_date": "2022-06-13T11:02:35Z",
            "description": "",
            "force_detach_policies": false,
            "id": "serverless_lambda",
            "inline_policy": [
              {
                "name": "",
                "policy": ""
              }
            ],
            "managed_policy_arns": [],
            "max_session_duration": 3600,
            "name": "serverless_lambda",
            "name_prefix": "",
            "path": "/",
            "permissions_boundary": null,
            "tags": {},
            "tags_all": {},
            "unique_id": "AROAVHUNEDTQUQZOSOKSS"
          },
          "sensitive_attributes": [],
          "private": "bnVsbA==",
          "create_before_destroy": true
        }
      ]
    },
    {
      "mode": "managed",
      "type": "aws_s3_bucket",
      "name": "lambda_bucket",
      "provider": "provider[\"registry.terraform.io/hashicorp/aws\"]",
      "instances": [
        {
          "schema_version": 0,
          "attributes": {
            "acceleration_status": "",
            "acl": "private",
            "arn": "arn:aws:s3:::learn-terraform-maciek-hugely-admittedly-unique-redbird",
            "bucket": "learn-terraform-maciek-hugely-admittedly-unique-redbird",
            "bucket_domain_name": "learn-terraform-maciek-hugely-admittedly-unique-redbird.s3.amazonaws.com",
            "bucket_prefix": null,
            "bucket_regional_domain_name": "learn-terraform-maciek-hugely-admittedly-unique-redbird.s3.eu-central-1.amazonaws.com",
            "cors_rule": [],
            "force_destroy": true,
            "grant": [],
            "hosted_zone_id": "Z21DNDUVLTQW6Q",
            "id": "learn-terraform-maciek-hugely-admittedly-unique-redbird",
            "lifecycle_rule": [],
            "logging": [],
            "object_lock_configuration": [],
            "policy": "",
            "region": "eu-central-1",
            "replication_configuration": [],
            "request_payer": "BucketOwner",
            "server_side_encryption_configuration": [],
            "tags": {},
            "tags_all": {},
            "versioning": [
              {
                "enabled": false,
                "mfa_delete": false
              }
            ],
            "website": [],
            "website_domain": null,
            "website_endpoint": null
          },
          "sensitive_attributes": [],
          "private": "bnVsbA==",
          "dependencies": [
            "random_pet.lambda_bucket_name"
          ],
          "create_before_destroy": true
        }
      ]
    },
    {
      "mode": "managed",
      "type": "aws_s3_object",
      "name": "lambda_s3_object",
      "provider": "provider[\"registry.terraform.io/hashicorp/aws\"]",
      "instances": [
        {
          "schema_version": 0,
          "attributes": {
            "acl": "private",
            "bucket": "learn-terraform-maciek-hugely-admittedly-unique-redbird",
            "bucket_key_enabled": false,
            "cache_control": "",
            "content": null,
            "content_base64": null,
            "content_disposition": "",
            "content_encoding": "",
            "content_language": "",
            "content_type": "binary/octet-stream",
            "etag": "426870e675036a6e7d7c004eaf38c24d-4",
            "force_destroy": false,
            "id": "code.zip",
            "key": "code.zip",
            "kms_key_id": null,
            "metadata": {},
            "object_lock_legal_hold_status": "",
            "object_lock_mode": "",
            "object_lock_retain_until_date": "",
            "server_side_encryption": "",
            "source": "C:/Users/maciej.moczadlo/Desktop/Terraform/terraform-slow/code.zip",
            "source_hash": null,
            "storage_class": "STANDARD",
            "tags": {},
            "tags_all": {},
            "version_id": "",
            "website_redirect": ""
          },
          "sensitive_attributes": [],
          "private": "bnVsbA==",
          "dependencies": [
            "aws_s3_bucket.lambda_bucket",
            "data.archive_file.lambda_code"
          ]
        }
      ]
    },
    {
      "mode": "managed",
      "type": "null_resource",
      "name": "lambda_dependencies",
      "provider": "provider[\"registry.terraform.io/hashicorp/null\"]",
      "instances": [
        {
          "schema_version": 0,
          "attributes": {
            "id": "4655718787490468813",
            "triggers": {
              "lock": "a7209942970ed7b6baebf9659ea11a68a1089e7b29779634864fc5156c07ee1c",
              "node": "8216de4e95be57f8a0e0749f3e1b3c2ac64d54f8dee8e897b990493b5576a17a",
              "package": "af6e881836fa69231176664fad52772322780e8387b481e69f7f0ed0983c7569"
            }
          },
          "sensitive_attributes": [],
          "private": "bnVsbA=="
        }
      ]
    },
    {
      "mode": "managed",
      "type": "random_pet",
      "name": "lambda_bucket_name",
      "provider": "provider[\"registry.terraform.io/hashicorp/random\"]",
      "instances": [
        {
          "schema_version": 0,
          "attributes": {
            "id": "learn-terraform-maciek-hugely-admittedly-unique-redbird",
            "keepers": null,
            "length": 4,
            "prefix": "learn-terraform-maciek",
            "separator": "-"
          },
          "sensitive_attributes": [],
          "private": "bnVsbA==",
          "create_before_destroy": true
        }
      ]
    },
    {
      "module": "module.city_lambda",
      "mode": "managed",
      "type": "aws_lambda_function",
      "name": "lambda_function",
      "provider": "provider[\"registry.terraform.io/hashicorp/aws\"]",
      "instances": [
        {
          "schema_version": 0,
          "attributes": {
            "architectures": [
              "x86_64"
            ],
            "arn": "arn:aws:lambda:eu-central-1:359999479009:function:city-handler",
            "code_signing_config_arn": "",
            "dead_letter_config": [],
            "description": "",
            "environment": [],
            "file_system_config": [],
            "filename": null,
            "function_name": "city-handler",
            "handler": "city.handler",
            "id": "city-handler",
            "image_config": [],
            "image_uri": "",
            "invoke_arn": "arn:aws:apigateway:eu-central-1:lambda:path/2015-03-31/functions/arn:aws:lambda:eu-central-1:359999479009:function:city-handler/invocations",
            "kms_key_arn": "",
            "last_modified": "2022-06-13T11:02:59.228+0000",
            "layers": [],
            "memory_size": 128,
            "package_type": "Zip",
            "publish": false,
            "qualified_arn": "arn:aws:lambda:eu-central-1:359999479009:function:city-handler:$LATEST",
            "reserved_concurrent_executions": -1,
            "role": "arn:aws:iam::359999479009:role/serverless_lambda",
            "runtime": "nodejs12.x",
            "s3_bucket": "learn-terraform-maciek-hugely-admittedly-unique-redbird",
            "s3_key": "code.zip",
            "s3_object_version": null,
            "signing_job_arn": "",
            "signing_profile_version_arn": "",
            "source_code_hash": "4//mJDCuuqrtnV0eYzEfmgaDawSd0xkRzQFZYlLUSbo=",
            "source_code_size": 16634948,
            "tags": {},
            "tags_all": {},
            "timeout": 10,
            "timeouts": null,
            "tracing_config": [
              {
                "mode": "PassThrough"
              }
            ],
            "version": "$LATEST",
            "vpc_config": []
          },
          "sensitive_attributes": [],
          "private": "eyJlMmJmYjczMC1lY2FhLTExZTYtOGY4OC0zNDM2M2JjN2M0YzAiOnsiY3JlYXRlIjo2MDAwMDAwMDAwMDB9fQ==",
          "dependencies": [
            "aws_iam_role.lambda_exec",
            "aws_s3_bucket.lambda_bucket",
            "aws_s3_object.lambda_s3_object",
            "data.archive_file.lambda_code",
            "random_pet.lambda_bucket_name"
          ]
        }
      ]
    },
    {
      "module": "module.city_lambda",
      "mode": "managed",
      "type": "aws_lambda_permission",
      "name": "lambda_permission",
      "provider": "provider[\"registry.terraform.io/hashicorp/aws\"]",
      "instances": [
        {
          "schema_version": 0,
          "attributes": {
            "action": "lambda:InvokeFunction",
            "event_source_token": null,
            "function_name": "city-handler",
            "id": "AllowAPIgatewayInvokation",
            "principal": "apigateway.amazonaws.com",
            "qualifier": "",
            "source_account": null,
            "source_arn": null,
            "statement_id": "AllowAPIgatewayInvokation",
            "statement_id_prefix": null
          },
          "sensitive_attributes": [],
          "private": "bnVsbA==",
          "dependencies": [
            "aws_iam_role.lambda_exec",
            "aws_s3_bucket.lambda_bucket",
            "aws_s3_object.lambda_s3_object",
            "data.archive_file.lambda_code",
            "module.city_lambda.aws_lambda_function.lambda_function",
            "random_pet.lambda_bucket_name"
          ]
        }
      ]
    },
    {
      "module": "module.settler_api[\"settler\"]",
      "mode": "managed",
      "type": "aws_api_gateway_deployment",
      "name": "deployment",
      "provider": "provider[\"registry.terraform.io/hashicorp/aws\"]",
      "instances": [
        {
          "schema_version": 0,
          "attributes": {
            "created_date": "2022-06-13T11:03:03Z",
            "description": "",
            "execution_arn": "arn:aws:execute-api:eu-central-1:359999479009:0gk641frtk/dev",
            "id": "6y1wx5",
            "invoke_url": "https://0gk641frtk.execute-api.eu-central-1.amazonaws.com/dev",
            "rest_api_id": "0gk641frtk",
            "stage_description": null,
            "stage_name": "dev",
            "triggers": {
              "redeployment": "2be88ca4242c76e8253ac62474851065032d6833"
            },
            "variables": null
          },
          "sensitive_attributes": [],
          "private": "bnVsbA==",
          "dependencies": [
            "aws_api_gateway_rest_api.test_api_gateway",
            "aws_iam_role.lambda_exec",
            "aws_s3_bucket.lambda_bucket",
            "aws_s3_object.lambda_s3_object",
            "data.archive_file.lambda_code",
            "data.aws_caller_identity.current",
            "module.settler_api.aws_api_gateway_integration.request_method_integration",
            "module.settler_api.aws_api_gateway_integration.request_method_integration_base",
            "module.settler_api.aws_api_gateway_integration_response.response_method_integration",
            "module.settler_api.aws_api_gateway_integration_response.response_method_integration_base",
            "module.settler_api.aws_api_gateway_method.request_method",
            "module.settler_api.aws_api_gateway_method.request_method_base",
            "module.settler_api.aws_api_gateway_method_response.response_method",
            "module.settler_api.aws_api_gateway_method_response.response_method_base",
            "module.settler_api.aws_api_gateway_resource.api_resource",
            "module.settler_api.aws_api_gateway_resource.messages_resource",
            "module.settler_lambda.aws_lambda_function.lambda_function",
            "random_pet.lambda_bucket_name"
          ],
          "create_before_destroy": true
        }
      ]
    },
    {
      "module": "module.settler_api[\"settler\"]",
      "mode": "managed",
      "type": "aws_api_gateway_integration",
      "name": "request_method_integration",
      "provider": "provider[\"registry.terraform.io/hashicorp/aws\"]",
      "instances": [
        {
          "index_key": 0,
          "schema_version": 0,
          "attributes": {
            "cache_key_parameters": [],
            "cache_namespace": "pid3r2",
            "connection_id": "",
            "connection_type": "INTERNET",
            "content_handling": "",
            "credentials": "",
            "http_method": "GET",
            "id": "agi-0gk641frtk-pid3r2-GET",
            "integration_http_method": "PUT",
            "passthrough_behavior": "WHEN_NO_MATCH",
            "request_parameters": {},
            "request_templates": {},
            "resource_id": "pid3r2",
            "rest_api_id": "0gk641frtk",
            "timeout_milliseconds": 29000,
            "tls_config": [],
            "type": "AWS_PROXY",
            "uri": "arn:aws:apigateway:eu-central-1:lambda:path/2015-03-31/functions/arn:aws:lambda:eu-central-1:359999479009:function:settler-handler/invocations"
          },
          "sensitive_attributes": [],
          "private": "bnVsbA==",
          "dependencies": [
            "aws_api_gateway_rest_api.test_api_gateway",
            "aws_iam_role.lambda_exec",
            "aws_s3_bucket.lambda_bucket",
            "aws_s3_object.lambda_s3_object",
            "data.archive_file.lambda_code",
            "data.aws_caller_identity.current",
            "module.settler_api.aws_api_gateway_method.request_method",
            "module.settler_api.aws_api_gateway_resource.api_resource",
            "module.settler_api.aws_api_gateway_resource.messages_resource",
            "module.settler_lambda.aws_lambda_function.lambda_function",
            "random_pet.lambda_bucket_name"
          ],
          "create_before_destroy": true
        }
      ]
    },
    {
      "module": "module.settler_api[\"settler\"]",
      "mode": "managed",
      "type": "aws_api_gateway_integration",
      "name": "request_method_integration_base",
      "provider": "provider[\"registry.terraform.io/hashicorp/aws\"]",
      "instances": [
        {
          "schema_version": 0,
          "attributes": {
            "cache_key_parameters": [],
            "cache_namespace": "gx1vn4",
            "connection_id": "",
            "connection_type": "INTERNET",
            "content_handling": "",
            "credentials": "",
            "http_method": "PUT",
            "id": "agi-0gk641frtk-gx1vn4-PUT",
            "integration_http_method": "PUT",
            "passthrough_behavior": "WHEN_NO_MATCH",
            "request_parameters": {},
            "request_templates": {},
            "resource_id": "gx1vn4",
            "rest_api_id": "0gk641frtk",
            "timeout_milliseconds": 29000,
            "tls_config": [],
            "type": "AWS_PROXY",
            "uri": "arn:aws:apigateway:eu-central-1:lambda:path/2015-03-31/functions/arn:aws:lambda:eu-central-1:359999479009:function:settler-handler/invocations"
          },
          "sensitive_attributes": [],
          "private": "bnVsbA==",
          "dependencies": [
            "aws_api_gateway_rest_api.test_api_gateway",
            "aws_iam_role.lambda_exec",
            "aws_s3_bucket.lambda_bucket",
            "aws_s3_object.lambda_s3_object",
            "data.archive_file.lambda_code",
            "data.aws_caller_identity.current",
            "module.settler_api.aws_api_gateway_method.request_method_base",
            "module.settler_api.aws_api_gateway_resource.api_resource",
            "module.settler_lambda.aws_lambda_function.lambda_function",
            "random_pet.lambda_bucket_name"
          ],
          "create_before_destroy": true
        }
      ]
    },
    {
      "module": "module.settler_api[\"settler\"]",
      "mode": "managed",
      "type": "aws_api_gateway_integration_response",
      "name": "response_method_integration",
      "provider": "provider[\"registry.terraform.io/hashicorp/aws\"]",
      "instances": [
        {
          "index_key": 0,
          "schema_version": 0,
          "attributes": {
            "content_handling": "",
            "http_method": "GET",
            "id": "agir-0gk641frtk-pid3r2-GET-200",
            "resource_id": "pid3r2",
            "response_parameters": {},
            "response_templates": {},
            "rest_api_id": "0gk641frtk",
            "selection_pattern": "",
            "status_code": "200"
          },
          "sensitive_attributes": [],
          "private": "bnVsbA==",
          "dependencies": [
            "aws_api_gateway_rest_api.test_api_gateway",
            "aws_iam_role.lambda_exec",
            "aws_s3_bucket.lambda_bucket",
            "aws_s3_object.lambda_s3_object",
            "data.archive_file.lambda_code",
            "data.aws_caller_identity.current",
            "module.settler_api.aws_api_gateway_integration.request_method_integration",
            "module.settler_api.aws_api_gateway_method.request_method",
            "module.settler_api.aws_api_gateway_method_response.response_method",
            "module.settler_api.aws_api_gateway_resource.api_resource",
            "module.settler_api.aws_api_gateway_resource.messages_resource",
            "module.settler_lambda.aws_lambda_function.lambda_function",
            "random_pet.lambda_bucket_name"
          ],
          "create_before_destroy": true
        }
      ]
    },
    {
      "module": "module.settler_api[\"settler\"]",
      "mode": "managed",
      "type": "aws_api_gateway_integration_response",
      "name": "response_method_integration_base",
      "provider": "provider[\"registry.terraform.io/hashicorp/aws\"]",
      "instances": [
        {
          "schema_version": 0,
          "attributes": {
            "content_handling": "",
            "http_method": "PUT",
            "id": "agir-0gk641frtk-gx1vn4-PUT-200",
            "resource_id": "gx1vn4",
            "response_parameters": {},
            "response_templates": {},
            "rest_api_id": "0gk641frtk",
            "selection_pattern": "",
            "status_code": "200"
          },
          "sensitive_attributes": [],
          "private": "bnVsbA==",
          "dependencies": [
            "aws_api_gateway_rest_api.test_api_gateway",
            "aws_iam_role.lambda_exec",
            "aws_s3_bucket.lambda_bucket",
            "aws_s3_object.lambda_s3_object",
            "data.archive_file.lambda_code",
            "data.aws_caller_identity.current",
            "module.settler_api.aws_api_gateway_integration.request_method_integration_base",
            "module.settler_api.aws_api_gateway_method.request_method_base",
            "module.settler_api.aws_api_gateway_method_response.response_method_base",
            "module.settler_api.aws_api_gateway_resource.api_resource",
            "module.settler_lambda.aws_lambda_function.lambda_function",
            "random_pet.lambda_bucket_name"
          ],
          "create_before_destroy": true
        }
      ]
    },
    {
      "module": "module.settler_api[\"settler\"]",
      "mode": "managed",
      "type": "aws_api_gateway_method",
      "name": "request_method",
      "provider": "provider[\"registry.terraform.io/hashicorp/aws\"]",
      "instances": [
        {
          "index_key": 0,
          "schema_version": 0,
          "attributes": {
            "api_key_required": false,
            "authorization": "NONE",
            "authorization_scopes": [],
            "authorizer_id": "",
            "http_method": "GET",
            "id": "agm-0gk641frtk-pid3r2-GET",
            "operation_name": "",
            "request_models": {},
            "request_parameters": {},
            "request_validator_id": "",
            "resource_id": "pid3r2",
            "rest_api_id": "0gk641frtk"
          },
          "sensitive_attributes": [],
          "private": "bnVsbA==",
          "dependencies": [
            "aws_api_gateway_rest_api.test_api_gateway",
            "module.settler_api.aws_api_gateway_resource.api_resource",
            "module.settler_api.aws_api_gateway_resource.messages_resource"
          ],
          "create_before_destroy": true
        }
      ]
    },
    {
      "module": "module.settler_api[\"settler\"]",
      "mode": "managed",
      "type": "aws_api_gateway_method",
      "name": "request_method_base",
      "provider": "provider[\"registry.terraform.io/hashicorp/aws\"]",
      "instances": [
        {
          "schema_version": 0,
          "attributes": {
            "api_key_required": false,
            "authorization": "NONE",
            "authorization_scopes": [],
            "authorizer_id": "",
            "http_method": "PUT",
            "id": "agm-0gk641frtk-gx1vn4-PUT",
            "operation_name": "",
            "request_models": {},
            "request_parameters": {},
            "request_validator_id": "",
            "resource_id": "gx1vn4",
            "rest_api_id": "0gk641frtk"
          },
          "sensitive_attributes": [],
          "private": "bnVsbA==",
          "dependencies": [
            "aws_api_gateway_rest_api.test_api_gateway",
            "module.settler_api.aws_api_gateway_resource.api_resource"
          ],
          "create_before_destroy": true
        }
      ]
    },
    {
      "module": "module.settler_api[\"settler\"]",
      "mode": "managed",
      "type": "aws_api_gateway_method_response",
      "name": "response_method",
      "provider": "provider[\"registry.terraform.io/hashicorp/aws\"]",
      "instances": [
        {
          "index_key": 0,
          "schema_version": 0,
          "attributes": {
            "http_method": "GET",
            "id": "agmr-0gk641frtk-pid3r2-GET-200",
            "resource_id": "pid3r2",
            "response_models": {
              "application/json": "Empty"
            },
            "response_parameters": {},
            "rest_api_id": "0gk641frtk",
            "status_code": "200"
          },
          "sensitive_attributes": [],
          "private": "bnVsbA==",
          "dependencies": [
            "aws_api_gateway_rest_api.test_api_gateway",
            "aws_iam_role.lambda_exec",
            "aws_s3_bucket.lambda_bucket",
            "aws_s3_object.lambda_s3_object",
            "data.archive_file.lambda_code",
            "data.aws_caller_identity.current",
            "module.settler_api.aws_api_gateway_integration.request_method_integration",
            "module.settler_api.aws_api_gateway_method.request_method",
            "module.settler_api.aws_api_gateway_resource.api_resource",
            "module.settler_api.aws_api_gateway_resource.messages_resource",
            "module.settler_lambda.aws_lambda_function.lambda_function",
            "random_pet.lambda_bucket_name"
          ],
          "create_before_destroy": true
        }
      ]
    },
    {
      "module": "module.settler_api[\"settler\"]",
      "mode": "managed",
      "type": "aws_api_gateway_method_response",
      "name": "response_method_base",
      "provider": "provider[\"registry.terraform.io/hashicorp/aws\"]",
      "instances": [
        {
          "schema_version": 0,
          "attributes": {
            "http_method": "PUT",
            "id": "agmr-0gk641frtk-gx1vn4-PUT-200",
            "resource_id": "gx1vn4",
            "response_models": {
              "application/json": "Empty"
            },
            "response_parameters": {},
            "rest_api_id": "0gk641frtk",
            "status_code": "200"
          },
          "sensitive_attributes": [],
          "private": "bnVsbA==",
          "dependencies": [
            "aws_api_gateway_rest_api.test_api_gateway",
            "aws_iam_role.lambda_exec",
            "aws_s3_bucket.lambda_bucket",
            "aws_s3_object.lambda_s3_object",
            "data.archive_file.lambda_code",
            "data.aws_caller_identity.current",
            "module.settler_api.aws_api_gateway_integration.request_method_integration_base",
            "module.settler_api.aws_api_gateway_method.request_method_base",
            "module.settler_api.aws_api_gateway_resource.api_resource",
            "module.settler_lambda.aws_lambda_function.lambda_function",
            "random_pet.lambda_bucket_name"
          ],
          "create_before_destroy": true
        }
      ]
    },
    {
      "module": "module.settler_api[\"settler\"]",
      "mode": "managed",
      "type": "aws_api_gateway_resource",
      "name": "api_resource",
      "provider": "provider[\"registry.terraform.io/hashicorp/aws\"]",
      "instances": [
        {
          "schema_version": 0,
          "attributes": {
            "id": "gx1vn4",
            "parent_id": "ln41l2mxk4",
            "path": "/settler",
            "path_part": "settler",
            "rest_api_id": "0gk641frtk"
          },
          "sensitive_attributes": [],
          "private": "bnVsbA==",
          "dependencies": [
            "aws_api_gateway_rest_api.test_api_gateway"
          ],
          "create_before_destroy": true
        }
      ]
    },
    {
      "module": "module.settler_api[\"settler\"]",
      "mode": "managed",
      "type": "aws_api_gateway_resource",
      "name": "messages_resource",
      "provider": "provider[\"registry.terraform.io/hashicorp/aws\"]",
      "instances": [
        {
          "index_key": 0,
          "schema_version": 0,
          "attributes": {
            "id": "pid3r2",
            "parent_id": "gx1vn4",
            "path": "/settler/{ID}",
            "path_part": "{ID}",
            "rest_api_id": "0gk641frtk"
          },
          "sensitive_attributes": [],
          "private": "bnVsbA==",
          "dependencies": [
            "aws_api_gateway_rest_api.test_api_gateway",
            "module.settler_api.aws_api_gateway_resource.api_resource"
          ],
          "create_before_destroy": true
        }
      ]
    },
    {
      "module": "module.settler_api[\"settler\"]",
      "mode": "managed",
      "type": "aws_lambda_permission",
      "name": "apigw-lambda-allow",
      "provider": "provider[\"registry.terraform.io/hashicorp/aws\"]",
      "instances": [
        {
          "schema_version": 0,
          "attributes": {
            "action": "lambda:InvokeFunction",
            "event_source_token": null,
            "function_name": "settler-handler",
            "id": "terraform-20220613110259024700000003",
            "principal": "apigateway.amazonaws.com",
            "qualifier": "",
            "source_account": null,
            "source_arn": "arn:aws:execute-api:eu-central-1:359999479009:0gk641frtk/*/PUTsettler",
            "statement_id": "terraform-20220613110259024700000003",
            "statement_id_prefix": null
          },
          "sensitive_attributes": [],
          "private": "bnVsbA==",
          "dependencies": [
            "aws_api_gateway_rest_api.test_api_gateway",
            "aws_iam_role.lambda_exec",
            "aws_s3_bucket.lambda_bucket",
            "aws_s3_object.lambda_s3_object",
            "data.archive_file.lambda_code",
            "data.aws_caller_identity.current",
            "module.settler_api.aws_api_gateway_resource.api_resource",
            "module.settler_api.aws_api_gateway_resource.messages_resource",
            "module.settler_lambda.aws_lambda_function.lambda_function",
            "random_pet.lambda_bucket_name"
          ]
        }
      ]
    },
    {
      "module": "module.settler_api[\"settlers\"]",
      "mode": "managed",
      "type": "aws_api_gateway_deployment",
      "name": "deployment",
      "provider": "provider[\"registry.terraform.io/hashicorp/aws\"]",
      "instances": [
        {
          "schema_version": 0,
          "attributes": {
            "created_date": "2022-06-13T11:03:05Z",
            "description": "",
            "execution_arn": "arn:aws:execute-api:eu-central-1:359999479009:0gk641frtk/dev",
            "id": "t8s5to",
            "invoke_url": "https://0gk641frtk.execute-api.eu-central-1.amazonaws.com/dev",
            "rest_api_id": "0gk641frtk",
            "stage_description": null,
            "stage_name": "dev",
            "triggers": {
              "redeployment": "2be88ca4242c76e8253ac62474851065032d6833"
            },
            "variables": null
          },
          "sensitive_attributes": [],
          "private": "bnVsbA==",
          "dependencies": [
            "aws_api_gateway_rest_api.test_api_gateway",
            "aws_iam_role.lambda_exec",
            "aws_s3_bucket.lambda_bucket",
            "aws_s3_object.lambda_s3_object",
            "data.archive_file.lambda_code",
            "data.aws_caller_identity.current",
            "module.settler_api.aws_api_gateway_integration.request_method_integration",
            "module.settler_api.aws_api_gateway_integration.request_method_integration_base",
            "module.settler_api.aws_api_gateway_integration_response.response_method_integration",
            "module.settler_api.aws_api_gateway_integration_response.response_method_integration_base",
            "module.settler_api.aws_api_gateway_method.request_method",
            "module.settler_api.aws_api_gateway_method.request_method_base",
            "module.settler_api.aws_api_gateway_method_response.response_method",
            "module.settler_api.aws_api_gateway_method_response.response_method_base",
            "module.settler_api.aws_api_gateway_resource.api_resource",
            "module.settler_api.aws_api_gateway_resource.messages_resource",
            "module.settler_lambda.aws_lambda_function.lambda_function",
            "random_pet.lambda_bucket_name"
          ],
          "create_before_destroy": true
        }
      ]
    },
    {
      "module": "module.settler_api[\"settlers\"]",
      "mode": "managed",
      "type": "aws_api_gateway_integration",
      "name": "request_method_integration",
      "provider": "provider[\"registry.terraform.io/hashicorp/aws\"]",
      "instances": [
        {
          "index_key": 0,
          "schema_version": 0,
          "attributes": {
            "cache_key_parameters": [],
            "cache_namespace": "t5h37w",
            "connection_id": "",
            "connection_type": "INTERNET",
            "content_handling": "",
            "credentials": "",
            "http_method": "POST",
            "id": "agi-0gk641frtk-t5h37w-POST",
            "integration_http_method": "GET",
            "passthrough_behavior": "WHEN_NO_MATCH",
            "request_parameters": {},
            "request_templates": {},
            "resource_id": "t5h37w",
            "rest_api_id": "0gk641frtk",
            "timeout_milliseconds": 29000,
            "tls_config": [],
            "type": "AWS_PROXY",
            "uri": "arn:aws:apigateway:eu-central-1:lambda:path/2015-03-31/functions/arn:aws:lambda:eu-central-1:359999479009:function:settler-handler/invocations"
          },
          "sensitive_attributes": [],
          "private": "bnVsbA==",
          "dependencies": [
            "aws_api_gateway_rest_api.test_api_gateway",
            "aws_iam_role.lambda_exec",
            "aws_s3_bucket.lambda_bucket",
            "aws_s3_object.lambda_s3_object",
            "data.archive_file.lambda_code",
            "data.aws_caller_identity.current",
            "module.settler_api.aws_api_gateway_method.request_method",
            "module.settler_api.aws_api_gateway_resource.api_resource",
            "module.settler_api.aws_api_gateway_resource.messages_resource",
            "module.settler_lambda.aws_lambda_function.lambda_function",
            "random_pet.lambda_bucket_name"
          ],
          "create_before_destroy": true
        }
      ]
    },
    {
      "module": "module.settler_api[\"settlers\"]",
      "mode": "managed",
      "type": "aws_api_gateway_integration",
      "name": "request_method_integration_base",
      "provider": "provider[\"registry.terraform.io/hashicorp/aws\"]",
      "instances": [
        {
          "schema_version": 0,
          "attributes": {
            "cache_key_parameters": [],
            "cache_namespace": "dfwbuo",
            "connection_id": "",
            "connection_type": "INTERNET",
            "content_handling": "",
            "credentials": "",
            "http_method": "GET",
            "id": "agi-0gk641frtk-dfwbuo-GET",
            "integration_http_method": "GET",
            "passthrough_behavior": "WHEN_NO_MATCH",
            "request_parameters": {},
            "request_templates": {},
            "resource_id": "dfwbuo",
            "rest_api_id": "0gk641frtk",
            "timeout_milliseconds": 29000,
            "tls_config": [],
            "type": "AWS_PROXY",
            "uri": "arn:aws:apigateway:eu-central-1:lambda:path/2015-03-31/functions/arn:aws:lambda:eu-central-1:359999479009:function:settler-handler/invocations"
          },
          "sensitive_attributes": [],
          "private": "bnVsbA==",
          "dependencies": [
            "aws_api_gateway_rest_api.test_api_gateway",
            "aws_iam_role.lambda_exec",
            "aws_s3_bucket.lambda_bucket",
            "aws_s3_object.lambda_s3_object",
            "data.archive_file.lambda_code",
            "data.aws_caller_identity.current",
            "module.settler_api.aws_api_gateway_method.request_method_base",
            "module.settler_api.aws_api_gateway_resource.api_resource",
            "module.settler_lambda.aws_lambda_function.lambda_function",
            "random_pet.lambda_bucket_name"
          ],
          "create_before_destroy": true
        }
      ]
    },
    {
      "module": "module.settler_api[\"settlers\"]",
      "mode": "managed",
      "type": "aws_api_gateway_integration_response",
      "name": "response_method_integration",
      "provider": "provider[\"registry.terraform.io/hashicorp/aws\"]",
      "instances": [
        {
          "index_key": 0,
          "schema_version": 0,
          "attributes": {
            "content_handling": "",
            "http_method": "POST",
            "id": "agir-0gk641frtk-t5h37w-POST-200",
            "resource_id": "t5h37w",
            "response_parameters": {},
            "response_templates": {},
            "rest_api_id": "0gk641frtk",
            "selection_pattern": "",
            "status_code": "200"
          },
          "sensitive_attributes": [],
          "private": "bnVsbA==",
          "dependencies": [
            "aws_api_gateway_rest_api.test_api_gateway",
            "aws_iam_role.lambda_exec",
            "aws_s3_bucket.lambda_bucket",
            "aws_s3_object.lambda_s3_object",
            "data.archive_file.lambda_code",
            "data.aws_caller_identity.current",
            "module.settler_api.aws_api_gateway_integration.request_method_integration",
            "module.settler_api.aws_api_gateway_method.request_method",
            "module.settler_api.aws_api_gateway_method_response.response_method",
            "module.settler_api.aws_api_gateway_resource.api_resource",
            "module.settler_api.aws_api_gateway_resource.messages_resource",
            "module.settler_lambda.aws_lambda_function.lambda_function",
            "random_pet.lambda_bucket_name"
          ],
          "create_before_destroy": true
        }
      ]
    },
    {
      "module": "module.settler_api[\"settlers\"]",
      "mode": "managed",
      "type": "aws_api_gateway_integration_response",
      "name": "response_method_integration_base",
      "provider": "provider[\"registry.terraform.io/hashicorp/aws\"]",
      "instances": [
        {
          "schema_version": 0,
          "attributes": {
            "content_handling": "",
            "http_method": "GET",
            "id": "agir-0gk641frtk-dfwbuo-GET-200",
            "resource_id": "dfwbuo",
            "response_parameters": {},
            "response_templates": {},
            "rest_api_id": "0gk641frtk",
            "selection_pattern": "",
            "status_code": "200"
          },
          "sensitive_attributes": [],
          "private": "bnVsbA==",
          "dependencies": [
            "aws_api_gateway_rest_api.test_api_gateway",
            "aws_iam_role.lambda_exec",
            "aws_s3_bucket.lambda_bucket",
            "aws_s3_object.lambda_s3_object",
            "data.archive_file.lambda_code",
            "data.aws_caller_identity.current",
            "module.settler_api.aws_api_gateway_integration.request_method_integration_base",
            "module.settler_api.aws_api_gateway_method.request_method_base",
            "module.settler_api.aws_api_gateway_method_response.response_method_base",
            "module.settler_api.aws_api_gateway_resource.api_resource",
            "module.settler_lambda.aws_lambda_function.lambda_function",
            "random_pet.lambda_bucket_name"
          ],
          "create_before_destroy": true
        }
      ]
    },
    {
      "module": "module.settler_api[\"settlers\"]",
      "mode": "managed",
      "type": "aws_api_gateway_method",
      "name": "request_method",
      "provider": "provider[\"registry.terraform.io/hashicorp/aws\"]",
      "instances": [
        {
          "index_key": 0,
          "schema_version": 0,
          "attributes": {
            "api_key_required": false,
            "authorization": "NONE",
            "authorization_scopes": [],
            "authorizer_id": "",
            "http_method": "POST",
            "id": "agm-0gk641frtk-t5h37w-POST",
            "operation_name": "",
            "request_models": {},
            "request_parameters": {},
            "request_validator_id": "",
            "resource_id": "t5h37w",
            "rest_api_id": "0gk641frtk"
          },
          "sensitive_attributes": [],
          "private": "bnVsbA==",
          "dependencies": [
            "aws_api_gateway_rest_api.test_api_gateway",
            "module.settler_api.aws_api_gateway_resource.api_resource",
            "module.settler_api.aws_api_gateway_resource.messages_resource"
          ],
          "create_before_destroy": true
        }
      ]
    },
    {
      "module": "module.settler_api[\"settlers\"]",
      "mode": "managed",
      "type": "aws_api_gateway_method",
      "name": "request_method_base",
      "provider": "provider[\"registry.terraform.io/hashicorp/aws\"]",
      "instances": [
        {
          "schema_version": 0,
          "attributes": {
            "api_key_required": false,
            "authorization": "NONE",
            "authorization_scopes": [],
            "authorizer_id": "",
            "http_method": "GET",
            "id": "agm-0gk641frtk-dfwbuo-GET",
            "operation_name": "",
            "request_models": {},
            "request_parameters": {},
            "request_validator_id": "",
            "resource_id": "dfwbuo",
            "rest_api_id": "0gk641frtk"
          },
          "sensitive_attributes": [],
          "private": "bnVsbA==",
          "dependencies": [
            "aws_api_gateway_rest_api.test_api_gateway",
            "module.settler_api.aws_api_gateway_resource.api_resource"
          ],
          "create_before_destroy": true
        }
      ]
    },
    {
      "module": "module.settler_api[\"settlers\"]",
      "mode": "managed",
      "type": "aws_api_gateway_method_response",
      "name": "response_method",
      "provider": "provider[\"registry.terraform.io/hashicorp/aws\"]",
      "instances": [
        {
          "index_key": 0,
          "schema_version": 0,
          "attributes": {
            "http_method": "POST",
            "id": "agmr-0gk641frtk-t5h37w-POST-200",
            "resource_id": "t5h37w",
            "response_models": {
              "application/json": "Empty"
            },
            "response_parameters": {},
            "rest_api_id": "0gk641frtk",
            "status_code": "200"
          },
          "sensitive_attributes": [],
          "private": "bnVsbA==",
          "dependencies": [
            "aws_api_gateway_rest_api.test_api_gateway",
            "aws_iam_role.lambda_exec",
            "aws_s3_bucket.lambda_bucket",
            "aws_s3_object.lambda_s3_object",
            "data.archive_file.lambda_code",
            "data.aws_caller_identity.current",
            "module.settler_api.aws_api_gateway_integration.request_method_integration",
            "module.settler_api.aws_api_gateway_method.request_method",
            "module.settler_api.aws_api_gateway_resource.api_resource",
            "module.settler_api.aws_api_gateway_resource.messages_resource",
            "module.settler_lambda.aws_lambda_function.lambda_function",
            "random_pet.lambda_bucket_name"
          ],
          "create_before_destroy": true
        }
      ]
    },
    {
      "module": "module.settler_api[\"settlers\"]",
      "mode": "managed",
      "type": "aws_api_gateway_method_response",
      "name": "response_method_base",
      "provider": "provider[\"registry.terraform.io/hashicorp/aws\"]",
      "instances": [
        {
          "schema_version": 0,
          "attributes": {
            "http_method": "GET",
            "id": "agmr-0gk641frtk-dfwbuo-GET-200",
            "resource_id": "dfwbuo",
            "response_models": {
              "application/json": "Empty"
            },
            "response_parameters": {},
            "rest_api_id": "0gk641frtk",
            "status_code": "200"
          },
          "sensitive_attributes": [],
          "private": "bnVsbA==",
          "dependencies": [
            "aws_api_gateway_rest_api.test_api_gateway",
            "aws_iam_role.lambda_exec",
            "aws_s3_bucket.lambda_bucket",
            "aws_s3_object.lambda_s3_object",
            "data.archive_file.lambda_code",
            "data.aws_caller_identity.current",
            "module.settler_api.aws_api_gateway_integration.request_method_integration_base",
            "module.settler_api.aws_api_gateway_method.request_method_base",
            "module.settler_api.aws_api_gateway_resource.api_resource",
            "module.settler_lambda.aws_lambda_function.lambda_function",
            "random_pet.lambda_bucket_name"
          ],
          "create_before_destroy": true
        }
      ]
    },
    {
      "module": "module.settler_api[\"settlers\"]",
      "mode": "managed",
      "type": "aws_api_gateway_resource",
      "name": "api_resource",
      "provider": "provider[\"registry.terraform.io/hashicorp/aws\"]",
      "instances": [
        {
          "schema_version": 0,
          "attributes": {
            "id": "dfwbuo",
            "parent_id": "ln41l2mxk4",
            "path": "/settlers",
            "path_part": "settlers",
            "rest_api_id": "0gk641frtk"
          },
          "sensitive_attributes": [],
          "private": "bnVsbA==",
          "dependencies": [
            "aws_api_gateway_rest_api.test_api_gateway"
          ],
          "create_before_destroy": true
        }
      ]
    },
    {
      "module": "module.settler_api[\"settlers\"]",
      "mode": "managed",
      "type": "aws_api_gateway_resource",
      "name": "messages_resource",
      "provider": "provider[\"registry.terraform.io/hashicorp/aws\"]",
      "instances": [
        {
          "index_key": 0,
          "schema_version": 0,
          "attributes": {
            "id": "t5h37w",
            "parent_id": "dfwbuo",
            "path": "/settlers/{cityId}",
            "path_part": "{cityId}",
            "rest_api_id": "0gk641frtk"
          },
          "sensitive_attributes": [],
          "private": "bnVsbA==",
          "dependencies": [
            "aws_api_gateway_rest_api.test_api_gateway",
            "module.settler_api.aws_api_gateway_resource.api_resource"
          ],
          "create_before_destroy": true
        }
      ]
    },
    {
      "module": "module.settler_api[\"settlers\"]",
      "mode": "managed",
      "type": "aws_lambda_permission",
      "name": "apigw-lambda-allow",
      "provider": "provider[\"registry.terraform.io/hashicorp/aws\"]",
      "instances": [
        {
          "schema_version": 0,
          "attributes": {
            "action": "lambda:InvokeFunction",
            "event_source_token": null,
            "function_name": "settler-handler",
            "id": "terraform-20220613110259024700000002",
            "principal": "apigateway.amazonaws.com",
            "qualifier": "",
            "source_account": null,
            "source_arn": "arn:aws:execute-api:eu-central-1:359999479009:0gk641frtk/*/GETsettlers",
            "statement_id": "terraform-20220613110259024700000002",
            "statement_id_prefix": null
          },
          "sensitive_attributes": [],
          "private": "bnVsbA==",
          "dependencies": [
            "aws_api_gateway_rest_api.test_api_gateway",
            "aws_iam_role.lambda_exec",
            "aws_s3_bucket.lambda_bucket",
            "aws_s3_object.lambda_s3_object",
            "data.archive_file.lambda_code",
            "data.aws_caller_identity.current",
            "module.settler_api.aws_api_gateway_resource.api_resource",
            "module.settler_api.aws_api_gateway_resource.messages_resource",
            "module.settler_lambda.aws_lambda_function.lambda_function",
            "random_pet.lambda_bucket_name"
          ]
        }
      ]
    },
    {
      "module": "module.settler_api[\"testing\"]",
      "mode": "managed",
      "type": "aws_api_gateway_deployment",
      "name": "deployment",
      "provider": "provider[\"registry.terraform.io/hashicorp/aws\"]",
      "instances": [
        {
          "schema_version": 0,
          "attributes": {
            "created_date": "2022-06-13T11:03:01Z",
            "description": "",
            "execution_arn": "arn:aws:execute-api:eu-central-1:359999479009:0gk641frtk/dev",
            "id": "cqjz3y",
            "invoke_url": "https://0gk641frtk.execute-api.eu-central-1.amazonaws.com/dev",
            "rest_api_id": "0gk641frtk",
            "stage_description": null,
            "stage_name": "dev",
            "triggers": {
              "redeployment": "2be88ca4242c76e8253ac62474851065032d6833"
            },
            "variables": null
          },
          "sensitive_attributes": [],
          "private": "bnVsbA==",
          "dependencies": [
            "aws_api_gateway_rest_api.test_api_gateway",
            "aws_iam_role.lambda_exec",
            "aws_s3_bucket.lambda_bucket",
            "aws_s3_object.lambda_s3_object",
            "data.archive_file.lambda_code",
            "data.aws_caller_identity.current",
            "module.settler_api.aws_api_gateway_integration.request_method_integration",
            "module.settler_api.aws_api_gateway_integration.request_method_integration_base",
            "module.settler_api.aws_api_gateway_integration_response.response_method_integration",
            "module.settler_api.aws_api_gateway_integration_response.response_method_integration_base",
            "module.settler_api.aws_api_gateway_method.request_method",
            "module.settler_api.aws_api_gateway_method.request_method_base",
            "module.settler_api.aws_api_gateway_method_response.response_method",
            "module.settler_api.aws_api_gateway_method_response.response_method_base",
            "module.settler_api.aws_api_gateway_resource.api_resource",
            "module.settler_api.aws_api_gateway_resource.messages_resource",
            "module.settler_lambda.aws_lambda_function.lambda_function",
            "random_pet.lambda_bucket_name"
          ],
          "create_before_destroy": true
        }
      ]
    },
    {
      "module": "module.settler_api[\"testing\"]",
      "mode": "managed",
      "type": "aws_api_gateway_integration",
      "name": "request_method_integration_base",
      "provider": "provider[\"registry.terraform.io/hashicorp/aws\"]",
      "instances": [
        {
          "schema_version": 0,
          "attributes": {
            "cache_key_parameters": [],
            "cache_namespace": "27k278",
            "connection_id": "",
            "connection_type": "INTERNET",
            "content_handling": "",
            "credentials": "",
            "http_method": "PUT",
            "id": "agi-0gk641frtk-27k278-PUT",
            "integration_http_method": "PUT",
            "passthrough_behavior": "WHEN_NO_MATCH",
            "request_parameters": {},
            "request_templates": {},
            "resource_id": "27k278",
            "rest_api_id": "0gk641frtk",
            "timeout_milliseconds": 29000,
            "tls_config": [],
            "type": "AWS_PROXY",
            "uri": "arn:aws:apigateway:eu-central-1:lambda:path/2015-03-31/functions/arn:aws:lambda:eu-central-1:359999479009:function:settler-handler/invocations"
          },
          "sensitive_attributes": [],
          "private": "bnVsbA==",
          "dependencies": [
            "aws_api_gateway_rest_api.test_api_gateway",
            "aws_iam_role.lambda_exec",
            "aws_s3_bucket.lambda_bucket",
            "aws_s3_object.lambda_s3_object",
            "data.archive_file.lambda_code",
            "data.aws_caller_identity.current",
            "module.settler_api.aws_api_gateway_method.request_method_base",
            "module.settler_api.aws_api_gateway_resource.api_resource",
            "module.settler_lambda.aws_lambda_function.lambda_function",
            "random_pet.lambda_bucket_name"
          ],
          "create_before_destroy": true
        }
      ]
    },
    {
      "module": "module.settler_api[\"testing\"]",
      "mode": "managed",
      "type": "aws_api_gateway_integration_response",
      "name": "response_method_integration_base",
      "provider": "provider[\"registry.terraform.io/hashicorp/aws\"]",
      "instances": [
        {
          "schema_version": 0,
          "attributes": {
            "content_handling": "",
            "http_method": "PUT",
            "id": "agir-0gk641frtk-27k278-PUT-200",
            "resource_id": "27k278",
            "response_parameters": {},
            "response_templates": {},
            "rest_api_id": "0gk641frtk",
            "selection_pattern": "",
            "status_code": "200"
          },
          "sensitive_attributes": [],
          "private": "bnVsbA==",
          "dependencies": [
            "aws_api_gateway_rest_api.test_api_gateway",
            "aws_iam_role.lambda_exec",
            "aws_s3_bucket.lambda_bucket",
            "aws_s3_object.lambda_s3_object",
            "data.archive_file.lambda_code",
            "data.aws_caller_identity.current",
            "module.settler_api.aws_api_gateway_integration.request_method_integration_base",
            "module.settler_api.aws_api_gateway_method.request_method_base",
            "module.settler_api.aws_api_gateway_method_response.response_method_base",
            "module.settler_api.aws_api_gateway_resource.api_resource",
            "module.settler_lambda.aws_lambda_function.lambda_function",
            "random_pet.lambda_bucket_name"
          ],
          "create_before_destroy": true
        }
      ]
    },
    {
      "module": "module.settler_api[\"testing\"]",
      "mode": "managed",
      "type": "aws_api_gateway_method",
      "name": "request_method_base",
      "provider": "provider[\"registry.terraform.io/hashicorp/aws\"]",
      "instances": [
        {
          "schema_version": 0,
          "attributes": {
            "api_key_required": false,
            "authorization": "NONE",
            "authorization_scopes": [],
            "authorizer_id": "",
            "http_method": "PUT",
            "id": "agm-0gk641frtk-27k278-PUT",
            "operation_name": "",
            "request_models": {},
            "request_parameters": {},
            "request_validator_id": "",
            "resource_id": "27k278",
            "rest_api_id": "0gk641frtk"
          },
          "sensitive_attributes": [],
          "private": "bnVsbA==",
          "dependencies": [
            "aws_api_gateway_rest_api.test_api_gateway",
            "module.settler_api.aws_api_gateway_resource.api_resource"
          ],
          "create_before_destroy": true
        }
      ]
    },
    {
      "module": "module.settler_api[\"testing\"]",
      "mode": "managed",
      "type": "aws_api_gateway_method_response",
      "name": "response_method_base",
      "provider": "provider[\"registry.terraform.io/hashicorp/aws\"]",
      "instances": [
        {
          "schema_version": 0,
          "attributes": {
            "http_method": "PUT",
            "id": "agmr-0gk641frtk-27k278-PUT-200",
            "resource_id": "27k278",
            "response_models": {
              "application/json": "Empty"
            },
            "response_parameters": {},
            "rest_api_id": "0gk641frtk",
            "status_code": "200"
          },
          "sensitive_attributes": [],
          "private": "bnVsbA==",
          "dependencies": [
            "aws_api_gateway_rest_api.test_api_gateway",
            "aws_iam_role.lambda_exec",
            "aws_s3_bucket.lambda_bucket",
            "aws_s3_object.lambda_s3_object",
            "data.archive_file.lambda_code",
            "data.aws_caller_identity.current",
            "module.settler_api.aws_api_gateway_integration.request_method_integration_base",
            "module.settler_api.aws_api_gateway_method.request_method_base",
            "module.settler_api.aws_api_gateway_resource.api_resource",
            "module.settler_lambda.aws_lambda_function.lambda_function",
            "random_pet.lambda_bucket_name"
          ],
          "create_before_destroy": true
        }
      ]
    },
    {
      "module": "module.settler_api[\"testing\"]",
      "mode": "managed",
      "type": "aws_api_gateway_resource",
      "name": "api_resource",
      "provider": "provider[\"registry.terraform.io/hashicorp/aws\"]",
      "instances": [
        {
          "schema_version": 0,
          "attributes": {
            "id": "27k278",
            "parent_id": "ln41l2mxk4",
            "path": "/testing",
            "path_part": "testing",
            "rest_api_id": "0gk641frtk"
          },
          "sensitive_attributes": [],
          "private": "bnVsbA==",
          "dependencies": [
            "aws_api_gateway_rest_api.test_api_gateway"
          ],
          "create_before_destroy": true
        }
      ]
    },
    {
      "module": "module.settler_api[\"testing\"]",
      "mode": "managed",
      "type": "aws_lambda_permission",
      "name": "apigw-lambda-allow",
      "provider": "provider[\"registry.terraform.io/hashicorp/aws\"]",
      "instances": [
        {
          "schema_version": 0,
          "attributes": {
            "action": "lambda:InvokeFunction",
            "event_source_token": null,
            "function_name": "settler-handler",
            "id": "terraform-20220613110259021700000001",
            "principal": "apigateway.amazonaws.com",
            "qualifier": "",
            "source_account": null,
            "source_arn": "arn:aws:execute-api:eu-central-1:359999479009:0gk641frtk/*/PUTtesting",
            "statement_id": "terraform-20220613110259021700000001",
            "statement_id_prefix": null
          },
          "sensitive_attributes": [],
          "private": "bnVsbA==",
          "dependencies": [
            "aws_api_gateway_rest_api.test_api_gateway",
            "aws_iam_role.lambda_exec",
            "aws_s3_bucket.lambda_bucket",
            "aws_s3_object.lambda_s3_object",
            "data.archive_file.lambda_code",
            "data.aws_caller_identity.current",
            "module.settler_api.aws_api_gateway_resource.api_resource",
            "module.settler_api.aws_api_gateway_resource.messages_resource",
            "module.settler_lambda.aws_lambda_function.lambda_function",
            "random_pet.lambda_bucket_name"
          ]
        }
      ]
    },
    {
      "module": "module.settler_lambda",
      "mode": "managed",
      "type": "aws_lambda_function",
      "name": "lambda_function",
      "provider": "provider[\"registry.terraform.io/hashicorp/aws\"]",
      "instances": [
        {
          "schema_version": 0,
          "attributes": {
            "architectures": [
              "x86_64"
            ],
            "arn": "arn:aws:lambda:eu-central-1:359999479009:function:settler-handler",
            "code_signing_config_arn": "",
            "dead_letter_config": [],
            "description": "",
            "environment": [],
            "file_system_config": [],
            "filename": null,
            "function_name": "settler-handler",
            "handler": "settler.handler",
            "id": "settler-handler",
            "image_config": [],
            "image_uri": "",
            "invoke_arn": "arn:aws:apigateway:eu-central-1:lambda:path/2015-03-31/functions/arn:aws:lambda:eu-central-1:359999479009:function:settler-handler/invocations",
            "kms_key_arn": "",
            "last_modified": "2022-06-13T11:03:00.504+0000",
            "layers": [],
            "memory_size": 128,
            "package_type": "Zip",
            "publish": false,
            "qualified_arn": "arn:aws:lambda:eu-central-1:359999479009:function:settler-handler:$LATEST",
            "reserved_concurrent_executions": -1,
            "role": "arn:aws:iam::359999479009:role/serverless_lambda",
            "runtime": "nodejs12.x",
            "s3_bucket": "learn-terraform-maciek-hugely-admittedly-unique-redbird",
            "s3_key": "code.zip",
            "s3_object_version": null,
            "signing_job_arn": "",
            "signing_profile_version_arn": "",
            "source_code_hash": "4//mJDCuuqrtnV0eYzEfmgaDawSd0xkRzQFZYlLUSbo=",
            "source_code_size": 16634948,
            "tags": {},
            "tags_all": {},
            "timeout": 10,
            "timeouts": null,
            "tracing_config": [
              {
                "mode": "PassThrough"
              }
            ],
            "version": "$LATEST",
            "vpc_config": []
          },
          "sensitive_attributes": [],
          "private": "eyJlMmJmYjczMC1lY2FhLTExZTYtOGY4OC0zNDM2M2JjN2M0YzAiOnsiY3JlYXRlIjo2MDAwMDAwMDAwMDB9fQ==",
          "dependencies": [
            "aws_iam_role.lambda_exec",
            "aws_s3_bucket.lambda_bucket",
            "aws_s3_object.lambda_s3_object",
            "data.archive_file.lambda_code",
            "random_pet.lambda_bucket_name"
          ],
          "create_before_destroy": true
        }
      ]
    },
    {
      "module": "module.settler_lambda",
      "mode": "managed",
      "type": "aws_lambda_permission",
      "name": "lambda_permission",
      "provider": "provider[\"registry.terraform.io/hashicorp/aws\"]",
      "instances": [
        {
          "schema_version": 0,
          "attributes": {
            "action": "lambda:InvokeFunction",
            "event_source_token": null,
            "function_name": "settler-handler",
            "id": "AllowAPIgatewayInvokation",
            "principal": "apigateway.amazonaws.com",
            "qualifier": "",
            "source_account": null,
            "source_arn": null,
            "statement_id": "AllowAPIgatewayInvokation",
            "statement_id_prefix": null
          },
          "sensitive_attributes": [],
          "private": "bnVsbA==",
          "dependencies": [
            "aws_iam_role.lambda_exec",
            "aws_s3_bucket.lambda_bucket",
            "aws_s3_object.lambda_s3_object",
            "data.archive_file.lambda_code",
            "module.settler_lambda.aws_lambda_function.lambda_function",
            "random_pet.lambda_bucket_name"
          ]
        }
      ]
    }
  ]
}
